
Microsoft Visual Studio Solution File, Format Version 12.00
Project("{2150E333-8FDC-42A3-9474-1A3956D46DE8}") = "src", "src", "{827E0CD3-B72D-47B6-A68D-7590B98EB39B}"
EndProject
Project("{FAE04EC0-301F-11D3-BF4B-00C04F79EFBC}") = "RoadAuto.Domain", "src\RoadAuto.Domain\RoadAuto.Domain.csproj", "{A5A9AC7C-60DF-47BC-9CD7-E541C4299BBB}"
EndProject
Project("{FAE04EC0-301F-11D3-BF4B-00C04F79EFBC}") = "RoadAuto.Web", "src\RoadAuto.Web\RoadAuto.Web.csproj", "{893E0EE8-137D-4E3B-957B-60DC2586009C}"
EndProject
Project("{2150E333-8FDC-42A3-9474-1A3956D46DE8}") = "tests", "tests", "{0AB3BF05-4346-4AA6-1389-037BE0695223}"
EndProject
Project("{FAE04EC0-301F-11D3-BF4B-00C04F79EFBC}") = "RoadAuto.Tests", "tests\RoadAuto.Tests\RoadAuto.Tests.csproj", "{DEA63F1B-3BE5-40AB-B45F-666BED5474EA}"
EndProject
Project("{FAE04EC0-301F-11D3-BF4B-00C04F79EFBC}") = "RoadAuto.Application", "src\RoadAuto.Application\RoadAuto.Application.csproj", "{FC3A026B-9D09-414E-B17F-79B0BC070D6E}"
EndProject
Project("{FAE04EC0-301F-11D3-BF4B-00C04F79EFBC}") = "RoadAuto.Infrastructure", "src\RoadAuto.Infrastructure\RoadAuto.Infrastructure.csproj", "{FE18F895-68F9-4EFF-B512-C895F9FF07BF}"
EndProject
Global
	GlobalSection(SolutionConfigurationPlatforms) = preSolution
		Debug|Any CPU = Debug|Any CPU
		Debug|x64 = Debug|x64
		Debug|x86 = Debug|x86
		Release|Any CPU = Release|Any CPU
		Release|x64 = Release|x64
		Release|x86 = Release|x86
	EndGlobalSection
	GlobalSection(ProjectConfigurationPlatforms) = postSolution
		{A5A9AC7C-60DF-47BC-9CD7-E541C4299BBB}.Debug|Any CPU.ActiveCfg = Debug|Any CPU
		{A5A9AC7C-60DF-47BC-9CD7-E541C4299BBB}.Debug|Any CPU.Build.0 = Debug|Any CPU
		{A5A9AC7C-60DF-47BC-9CD7-E541C4299BBB}.Debug|x64.ActiveCfg = Debug|Any CPU
		{A5A9AC7C-60DF-47BC-9CD7-E541C4299BBB}.Debug|x64.Build.0 = Debug|Any CPU
		{A5A9AC7C-60DF-47BC-9CD7-E541C4299BBB}.Debug|x86.ActiveCfg = Debug|Any CPU
		{A5A9AC7C-60DF-47BC-9CD7-E541C4299BBB}.Debug|x86.Build.0 = Debug|Any CPU
		{A5A9AC7C-60DF-47BC-9CD7-E541C4299BBB}.Release|Any CPU.ActiveCfg = Release|Any CPU
		{A5A9AC7C-60DF-47BC-9CD7-E541C4299BBB}.Release|Any CPU.Build.0 = Release|Any CPU
		{A5A9AC7C-60DF-47BC-9CD7-E541C4299BBB}.Release|x64.ActiveCfg = Release|Any CPU
		{A5A9AC7C-60DF-47BC-9CD7-E541C4299BBB}.Release|x64.Build.0 = Release|Any CPU
		{A5A9AC7C-60DF-47BC-9CD7-E541C4299BBB}.Release|x86.ActiveCfg = Release|Any CPU
		{A5A9AC7C-60DF-47BC-9CD7-E541C4299BBB}.Release|x86.Build.0 = Release|Any CPU
		{893E0EE8-137D-4E3B-957B-60DC2586009C}.Debug|Any CPU.ActiveCfg = Debug|Any CPU
		{893E0EE8-137D-4E3B-957B-60DC2586009C}.Debug|Any CPU.Build.0 = Debug|Any CPU
		{893E0EE8-137D-4E3B-957B-60DC2586009C}.Debug|x64.ActiveCfg = Debug|Any CPU
		{893E0EE8-137D-4E3B-957B-60DC2586009C}.Debug|x64.Build.0 = Debug|Any CPU
		{893E0EE8-137D-4E3B-957B-60DC2586009C}.Debug|x86.ActiveCfg = Debug|Any CPU
		{893E0EE8-137D-4E3B-957B-60DC2586009C}.Debug|x86.Build.0 = Debug|Any CPU
		{893E0EE8-137D-4E3B-957B-60DC2586009C}.Release|Any CPU.ActiveCfg = Release|Any CPU
		{893E0EE8-137D-4E3B-957B-60DC2586009C}.Release|Any CPU.Build.0 = Release|Any CPU
		{893E0EE8-137D-4E3B-957B-60DC2586009C}.Release|x64.ActiveCfg = Release|Any CPU
		{893E0EE8-137D-4E3B-957B-60DC2586009C}.Release|x64.Build.0 = Release|Any CPU
		{893E0EE8-137D-4E3B-957B-60DC2586009C}.Release|x86.ActiveCfg = Release|Any CPU
		{893E0EE8-137D-4E3B-957B-60DC2586009C}.Release|x86.Build.0 = Release|Any CPU
		{DEA63F1B-3BE5-40AB-B45F-666BED5474EA}.Debug|Any CPU.ActiveCfg = Debug|Any CPU
		{DEA63F1B-3BE5-40AB-B45F-666BED5474EA}.Debug|Any CPU.Build.0 = Debug|Any CPU
		{DEA63F1B-3BE5-40AB-B45F-666BED5474EA}.Debug|x64.ActiveCfg = Debug|Any CPU
		{DEA63F1B-3BE5-40AB-B45F-666BED5474EA}.Debug|x64.Build.0 = Debug|Any CPU
		{DEA63F1B-3BE5-40AB-B45F-666BED5474EA}.Debug|x86.ActiveCfg = Debug|Any CPU
		{DEA63F1B-3BE5-40AB-B45F-666BED5474EA}.Debug|x86.Build.0 = Debug|Any CPU
		{DEA63F1B-3BE5-40AB-B45F-666BED5474EA}.Release|Any CPU.ActiveCfg = Release|Any CPU
		{DEA63F1B-3BE5-40AB-B45F-666BED5474EA}.Release|Any CPU.Build.0 = Release|Any CPU
		{DEA63F1B-3BE5-40AB-B45F-666BED5474EA}.Release|x64.ActiveCfg = Release|Any CPU
		{DEA63F1B-3BE5-40AB-B45F-666BED5474EA}.Release|x64.Build.0 = Release|Any CPU
		{DEA63F1B-3BE5-40AB-B45F-666BED5474EA}.Release|x86.ActiveCfg = Release|Any CPU
		{DEA63F1B-3BE5-40AB-B45F-666BED5474EA}.Release|x86.Build.0 = Release|Any CPU
		{FC3A026B-9D09-414E-B17F-79B0BC070D6E}.Debug|Any CPU.ActiveCfg = Debug|Any CPU
		{FC3A026B-9D09-414E-B17F-79B0BC070D6E}.Debug|Any CPU.Build.0 = Debug|Any CPU
		{FC3A026B-9D09-414E-B17F-79B0BC070D6E}.Debug|x64.ActiveCfg = Debug|Any CPU
		{FC3A026B-9D09-414E-B17F-79B0BC070D6E}.Debug|x64.Build.0 = Debug|Any CPU
		{FC3A026B-9D09-414E-B17F-79B0BC070D6E}.Debug|x86.ActiveCfg = Debug|Any CPU
		{FC3A026B-9D09-414E-B17F-79B0BC070D6E}.Debug|x86.Build.0 = Debug|Any CPU
		{FC3A026B-9D09-414E-B17F-79B0BC070D6E}.Release|Any CPU.ActiveCfg = Release|Any CPU
		{FC3A026B-9D09-414E-B17F-79B0BC070D6E}.Release|Any CPU.Build.0 = Release|Any CPU
		{FC3A026B-9D09-414E-B17F-79B0BC070D6E}.Release|x64.ActiveCfg = Release|Any CPU
		{FC3A026B-9D09-414E-B17F-79B0BC070D6E}.Release|x64.Build.0 = Release|Any CPU
		{FC3A026B-9D09-414E-B17F-79B0BC070D6E}.Release|x86.ActiveCfg = Release|Any CPU
		{FC3A026B-9D09-414E-B17F-79B0BC070D6E}.Release|x86.Build.0 = Release|Any CPU
		{FE18F895-68F9-4EFF-B512-C895F9FF07BF}.Debug|Any CPU.ActiveCfg = Debug|Any CPU
		{FE18F895-68F9-4EFF-B512-C895F9FF07BF}.Debug|Any CPU.Build.0 = Debug|Any CPU
		{FE18F895-68F9-4EFF-B512-C895F9FF07BF}.Debug|x64.ActiveCfg = Debug|Any CPU
		{FE18F895-68F9-4EFF-B512-C895F9FF07BF}.Debug|x64.Build.0 = Debug|Any CPU
		{FE18F895-68F9-4EFF-B512-C895F9FF07BF}.Debug|x86.ActiveCfg = Debug|Any CPU
		{FE18F895-68F9-4EFF-B512-C895F9FF07BF}.Debug|x86.Build.0 = Debug|Any CPU
		{FE18F895-68F9-4EFF-B512-C895F9FF07BF}.Release|Any CPU.ActiveCfg = Release|Any CPU
		{FE18F895-68F9-4EFF-B512-C895F9FF07BF}.Release|Any CPU.Build.0 = Release|Any CPU
		{FE18F895-68F9-4EFF-B512-C895F9FF07BF}.Release|x64.ActiveCfg = Release|Any CPU
		{FE18F895-68F9-4EFF-B512-C895F9FF07BF}.Release|x64.Build.0 = Release|Any CPU
		{FE18F895-68F9-4EFF-B512-C895F9FF07BF}.Release|x86.ActiveCfg = Release|Any CPU
		{FE18F895-68F9-4EFF-B512-C895F9FF07BF}.Release|x86.Build.0 = Release|Any CPU
	EndGlobalSection
	GlobalSection(SolutionProperties) = preSolution
		HideSolutionNode = FALSE
	EndGlobalSection
	GlobalSection(NestedProjects) = preSolution
		{A5A9AC7C-60DF-47BC-9CD7-E541C4299BBB} = {827E0CD3-B72D-47B6-A68D-7590B98EB39B}
		{893E0EE8-137D-4E3B-957B-60DC2586009C} = {827E0CD3-B72D-47B6-A68D-7590B98EB39B}
		{DEA63F1B-3BE5-40AB-B45F-666BED5474EA} = {0AB3BF05-4346-4AA6-1389-037BE0695223}
		{FC3A026B-9D09-414E-B17F-79B0BC070D6E} = {827E0CD3-B72D-47B6-A68D-7590B98EB39B}
		{FE18F895-68F9-4EFF-B512-C895F9FF07BF} = {827E0CD3-B72D-47B6-A68D-7590B98EB39B}
	EndGlobalSection
EndGlobal
